
Microsoft Visual Studio Solution File, Format Version 12.00
# Visual Studio Version 17
VisualStudioVersion = 17.6.33801.468
MinimumVisualStudioVersion = 10.0.40219.1
Project("{FAE04EC0-301F-11D3-BF4B-00C04F79EFBC}") = "ConsoleApp2", "ConsoleApp2\ConsoleApp2.csproj", "{895F94A8-F995-4331-A19D-DC347EB9E144}"
EndProject
Global
	GlobalSection(SolutionConfigurationPlatforms) = preSolution
		Debug|Any CPU = Debug|Any CPU
		Release|Any CPU = Release|Any CPU
	EndGlobalSection
	GlobalSection(ProjectConfigurationPlatforms) = postSolution
		{895F94A8-F995-4331-A19D-DC347EB9E144}.Debug|Any CPU.ActiveCfg = Debug|Any CPU
		{895F94A8-F995-4331-A19D-DC347EB9E144}.Debug|Any CPU.Build.0 = Debug|Any CPU
		{895F94A8-F995-4331-A19D-DC347EB9E144}.Release|Any CPU.ActiveCfg = Release|Any CPU
		{895F94A8-F995-4331-A19D-DC347EB9E144}.Release|Any CPU.Build.0 = Release|Any CPU
	EndGlobalSection
	GlobalSection(SolutionProperties) = preSolution
		HideSolutionNode = FALSE
	EndGlobalSection
	GlobalSection(ExtensibilityGlobals) = postSolution
		SolutionGuid = {E83BC0C1-8E1F-4F60-9D7B-BF1422F1EF51}
	EndGlobalSection
EndGlobal
