
Microsoft Visual Studio Solution File, Format Version 12.00
# Visual Studio Version 17
VisualStudioVersion = 17.6.33801.468
MinimumVisualStudioVersion = 10.0.40219.1
Project("{FAE04EC0-301F-11D3-BF4B-00C04F79EFBC}") = "WindowsFormsApp1", "WindowsFormsApp1\WindowsFormsApp1.csproj", "{C7AACE57-4FA6-468E-856C-E7E1C9906755}"
EndProject
Global
	GlobalSection(SolutionConfigurationPlatforms) = preSolution
		Debug|Any CPU = Debug|Any CPU
		Release|Any CPU = Release|Any CPU
	EndGlobalSection
	GlobalSection(ProjectConfigurationPlatforms) = postSolution
		{C7AACE57-4FA6-468E-856C-E7E1C9906755}.Debug|Any CPU.ActiveCfg = Debug|Any CPU
		{C7AACE57-4FA6-468E-856C-E7E1C9906755}.Debug|Any CPU.Build.0 = Debug|Any CPU
		{C7AACE57-4FA6-468E-856C-E7E1C9906755}.Release|Any CPU.ActiveCfg = Release|Any CPU
		{C7AACE57-4FA6-468E-856C-E7E1C9906755}.Release|Any CPU.Build.0 = Release|Any CPU
	EndGlobalSection
	GlobalSection(SolutionProperties) = preSolution
		HideSolutionNode = FALSE
	EndGlobalSection
	GlobalSection(ExtensibilityGlobals) = postSolution
		SolutionGuid = {B15E44B2-6077-427B-A10F-3507B82403C2}
	EndGlobalSection
EndGlobal
