
Microsoft Visual Studio Solution File, Format Version 12.00
# Visual Studio Version 17
VisualStudioVersion = 17.6.33801.468
MinimumVisualStudioVersion = 10.0.40219.1
Project("{FAE04EC0-301F-11D3-BF4B-00C04F79EFBC}") = "WindowsFormsApp7", "WindowsFormsApp7\WindowsFormsApp7.csproj", "{E18A750F-3A33-4F31-A235-8AE9463EF5F9}"
EndProject
Global
	GlobalSection(SolutionConfigurationPlatforms) = preSolution
		Debug|Any CPU = Debug|Any CPU
		Release|Any CPU = Release|Any CPU
	EndGlobalSection
	GlobalSection(ProjectConfigurationPlatforms) = postSolution
		{E18A750F-3A33-4F31-A235-8AE9463EF5F9}.Debug|Any CPU.ActiveCfg = Debug|Any CPU
		{E18A750F-3A33-4F31-A235-8AE9463EF5F9}.Debug|Any CPU.Build.0 = Debug|Any CPU
		{E18A750F-3A33-4F31-A235-8AE9463EF5F9}.Release|Any CPU.ActiveCfg = Release|Any CPU
		{E18A750F-3A33-4F31-A235-8AE9463EF5F9}.Release|Any CPU.Build.0 = Release|Any CPU
	EndGlobalSection
	GlobalSection(SolutionProperties) = preSolution
		HideSolutionNode = FALSE
	EndGlobalSection
	GlobalSection(ExtensibilityGlobals) = postSolution
		SolutionGuid = {F53DB4B9-9ABF-474E-BEC0-D99AFB8F302C}
	EndGlobalSection
EndGlobal
